
Microsoft Visual Studio Solution File, Format Version 12.00
# Visual Studio 15
VisualStudioVersion = 15.0.28010.2050
MinimumVisualStudioVersion = 10.0.40219.1
Project("{FAE04EC0-301F-11D3-BF4B-00C04F79EFBC}") = "IDS", "IDS\IDS.csproj", "{B2F736A7-4A72-487F-ADA1-25BBD669595F}"
EndProject
Global
	GlobalSection(SolutionConfigurationPlatforms) = preSolution
		Debug|Any CPU = Debug|Any CPU
		Release|Any CPU = Release|Any CPU
	EndGlobalSection
	GlobalSection(ProjectConfigurationPlatforms) = postSolution
		{B2F736A7-4A72-487F-ADA1-25BBD669595F}.Debug|Any CPU.ActiveCfg = Debug|Any CPU
		{B2F736A7-4A72-487F-ADA1-25BBD669595F}.Debug|Any CPU.Build.0 = Debug|Any CPU
		{B2F736A7-4A72-487F-ADA1-25BBD669595F}.Release|Any CPU.ActiveCfg = Release|Any CPU
		{B2F736A7-4A72-487F-ADA1-25BBD669595F}.Release|Any CPU.Build.0 = Release|Any CPU
	EndGlobalSection
	GlobalSection(SolutionProperties) = preSolution
		HideSolutionNode = FALSE
	EndGlobalSection
	GlobalSection(ExtensibilityGlobals) = postSolution
		SolutionGuid = {DAD02E9E-5715-4072-98DA-4020960813A8}
	EndGlobalSection
EndGlobal
